
Microsoft Visual Studio Solution File, Format Version 12.00
# Visual Studio Version 17
VisualStudioVersion = 17.11.35312.102
MinimumVisualStudioVersion = 10.0.40219.1
Project("{FAE04EC0-301F-11D3-BF4B-00C04F79EFBC}") = "KoiShop", "KoiShop\KoiShop.csproj", "{5062850C-E61D-4BB4-95E1-0AA814E40E47}"
EndProject
Project("{FAE04EC0-301F-11D3-BF4B-00C04F79EFBC}") = "Libs", "Libs\Libs.csproj", "{E0B2992C-BBDA-434C-86E7-69BC96326410}"
EndProject
Global
	GlobalSection(SolutionConfigurationPlatforms) = preSolution
		Debug|Any CPU = Debug|Any CPU
		Release|Any CPU = Release|Any CPU
	EndGlobalSection
	GlobalSection(ProjectConfigurationPlatforms) = postSolution
		{5062850C-E61D-4BB4-95E1-0AA814E40E47}.Debug|Any CPU.ActiveCfg = Debug|Any CPU
		{5062850C-E61D-4BB4-95E1-0AA814E40E47}.Debug|Any CPU.Build.0 = Debug|Any CPU
		{5062850C-E61D-4BB4-95E1-0AA814E40E47}.Release|Any CPU.ActiveCfg = Release|Any CPU
		{5062850C-E61D-4BB4-95E1-0AA814E40E47}.Release|Any CPU.Build.0 = Release|Any CPU
		{E0B2992C-BBDA-434C-86E7-69BC96326410}.Debug|Any CPU.ActiveCfg = Debug|Any CPU
		{E0B2992C-BBDA-434C-86E7-69BC96326410}.Debug|Any CPU.Build.0 = Debug|Any CPU
		{E0B2992C-BBDA-434C-86E7-69BC96326410}.Release|Any CPU.ActiveCfg = Release|Any CPU
		{E0B2992C-BBDA-434C-86E7-69BC96326410}.Release|Any CPU.Build.0 = Release|Any CPU
	EndGlobalSection
	GlobalSection(SolutionProperties) = preSolution
		HideSolutionNode = FALSE
	EndGlobalSection
	GlobalSection(ExtensibilityGlobals) = postSolution
		SolutionGuid = {160D8843-2745-4E96-949E-28B9302CE750}
	EndGlobalSection
EndGlobal
